# @generated by Move, please check-in and do not edit manually.

[move]
version = 3
manifest_digest = "EDDE50CDEDDCEE0DC7E4200F9473EC825CEFE4CEB964C47DE68A183828A523EC"
deps_digest = "F8BBB0CCB2491CA29A3DF03D6F92277A4F3574266507ACD77214D37ECA3F3082"
dependencies = [
  { id = "Sui", name = "Sui" },
]

[[move.package]]
id = "MoveStdlib"
source = { git = "https://github.com/MystenLabs/sui.git", rev = "framework/testnet", subdir = "crates/sui-framework/packages/move-stdlib" }

[[move.package]]
id = "Sui"
source = { git = "https://github.com/MystenLabs/sui.git", rev = "framework/testnet", subdir = "crates/sui-framework/packages/sui-framework" }

dependencies = [
  { id = "MoveStdlib", name = "MoveStdlib" },
]

[move.toolchain-version]
compiler-version = "1.50.1"
edition = "2024.beta"
flavor = "sui"

[env]

[env.testnet]
chain-id = "4c78adac"
original-published-id = "0xd59547b76ee1e7db553762903494f7a45d898dc583609ee1369cb8f0845f4e47"
latest-published-id = "0xd59547b76ee1e7db553762903494f7a45d898dc583609ee1369cb8f0845f4e47"
published-version = "1"
